
Microsoft Visual Studio Solution File, Format Version 12.00
# Visual Studio 14
VisualStudioVersion = 14.0.25420.1
MinimumVisualStudioVersion = 10.0.40219.1
Project("{2150E333-8FDC-42A3-9474-1A3956D46DE8}") = "Readme", "Readme", "{A0756179-7ED5-4954-9CF7-BADF2BDEFE59}"
	ProjectSection(SolutionItems) = preProject
		LICENSE.md = LICENSE.md
		README.md = README.md
	EndProjectSection
EndProject
Project("{2150E333-8FDC-42A3-9474-1A3956D46DE8}") = "Containers", "Containers", "{8B88A450-D492-4839-A18D-C100AB63618D}"
EndProject
Project("{2150E333-8FDC-42A3-9474-1A3956D46DE8}") = "Solution Items", "Solution Items", "{E89E7911-3632-4A41-8F86-DE83DD9A57FE}"
	ProjectSection(SolutionItems) = preProject
		global.json = global.json
	EndProjectSection
EndProject
Project("{8BB2217D-0F2D-49D1-97BC-3654ED321F3B}") = "ShortBus", "ShortBus\ShortBus.xproj", "{F09F56DA-2974-4FCC-81F6-7043B9AA269A}"
EndProject
Project("{8BB2217D-0F2D-49D1-97BC-3654ED321F3B}") = "ShortBus.Markers", "ShortBus.Markers\ShortBus.Markers.xproj", "{A958C267-F511-4624-9F9A-75EFE74D3CD5}"
EndProject
Project("{8BB2217D-0F2D-49D1-97BC-3654ED321F3B}") = "ShortBus.Ninject", "ShortBus.Ninject\ShortBus.Ninject.xproj", "{FEF8836A-FA91-4F93-AA09-5F9F50686AE2}"
EndProject
Project("{8BB2217D-0F2D-49D1-97BC-3654ED321F3B}") = "ShortBus.Autofac", "ShortBus.Autofac\ShortBus.Autofac.xproj", "{7A175D64-FD00-4EE0-9827-0D31D51FB50A}"
EndProject
Project("{8BB2217D-0F2D-49D1-97BC-3654ED321F3B}") = "ShortBus.StructureMap", "ShortBus.StructureMap\ShortBus.StructureMap.xproj", "{ADBD6A5B-D7C2-4658-A2EF-46C03A04536E}"
EndProject
Project("{8BB2217D-0F2D-49D1-97BC-3654ED321F3B}") = "ShortBus.Unity", "ShortBus.Unity\ShortBus.Unity.xproj", "{F92DA9CD-042B-45A8-9556-233D7044A642}"
EndProject
Project("{8BB2217D-0F2D-49D1-97BC-3654ED321F3B}") = "ShortBus.Windsor", "ShortBus.Windsor\ShortBus.Windsor.xproj", "{C9DF3555-B12F-47DB-A53E-89561FD73BFE}"
EndProject
Project("{8BB2217D-0F2D-49D1-97BC-3654ED321F3B}") = "ShortBus.Tests", "ShortBus.Tests\ShortBus.Tests.xproj", "{59C412CA-0364-4B52-A008-BEA17B2D844F}"
EndProject
Global
	GlobalSection(SolutionConfigurationPlatforms) = preSolution
		Debug|Any CPU = Debug|Any CPU
		Release|Any CPU = Release|Any CPU
	EndGlobalSection
	GlobalSection(ProjectConfigurationPlatforms) = postSolution
		{F09F56DA-2974-4FCC-81F6-7043B9AA269A}.Debug|Any CPU.ActiveCfg = Debug|Any CPU
		{F09F56DA-2974-4FCC-81F6-7043B9AA269A}.Debug|Any CPU.Build.0 = Debug|Any CPU
		{F09F56DA-2974-4FCC-81F6-7043B9AA269A}.Release|Any CPU.ActiveCfg = Release|Any CPU
		{F09F56DA-2974-4FCC-81F6-7043B9AA269A}.Release|Any CPU.Build.0 = Release|Any CPU
		{A958C267-F511-4624-9F9A-75EFE74D3CD5}.Debug|Any CPU.ActiveCfg = Debug|Any CPU
		{A958C267-F511-4624-9F9A-75EFE74D3CD5}.Debug|Any CPU.Build.0 = Debug|Any CPU
		{A958C267-F511-4624-9F9A-75EFE74D3CD5}.Release|Any CPU.ActiveCfg = Release|Any CPU
		{A958C267-F511-4624-9F9A-75EFE74D3CD5}.Release|Any CPU.Build.0 = Release|Any CPU
		{FEF8836A-FA91-4F93-AA09-5F9F50686AE2}.Debug|Any CPU.ActiveCfg = Debug|Any CPU
		{FEF8836A-FA91-4F93-AA09-5F9F50686AE2}.Debug|Any CPU.Build.0 = Debug|Any CPU
		{FEF8836A-FA91-4F93-AA09-5F9F50686AE2}.Release|Any CPU.ActiveCfg = Release|Any CPU
		{FEF8836A-FA91-4F93-AA09-5F9F50686AE2}.Release|Any CPU.Build.0 = Release|Any CPU
		{7A175D64-FD00-4EE0-9827-0D31D51FB50A}.Debug|Any CPU.ActiveCfg = Debug|Any CPU
		{7A175D64-FD00-4EE0-9827-0D31D51FB50A}.Debug|Any CPU.Build.0 = Debug|Any CPU
		{7A175D64-FD00-4EE0-9827-0D31D51FB50A}.Release|Any CPU.ActiveCfg = Release|Any CPU
		{7A175D64-FD00-4EE0-9827-0D31D51FB50A}.Release|Any CPU.Build.0 = Release|Any CPU
		{ADBD6A5B-D7C2-4658-A2EF-46C03A04536E}.Debug|Any CPU.ActiveCfg = Debug|Any CPU
		{ADBD6A5B-D7C2-4658-A2EF-46C03A04536E}.Debug|Any CPU.Build.0 = Debug|Any CPU
		{ADBD6A5B-D7C2-4658-A2EF-46C03A04536E}.Release|Any CPU.ActiveCfg = Release|Any CPU
		{ADBD6A5B-D7C2-4658-A2EF-46C03A04536E}.Release|Any CPU.Build.0 = Release|Any CPU
		{F92DA9CD-042B-45A8-9556-233D7044A642}.Debug|Any CPU.ActiveCfg = Debug|Any CPU
		{F92DA9CD-042B-45A8-9556-233D7044A642}.Debug|Any CPU.Build.0 = Debug|Any CPU
		{F92DA9CD-042B-45A8-9556-233D7044A642}.Release|Any CPU.ActiveCfg = Release|Any CPU
		{F92DA9CD-042B-45A8-9556-233D7044A642}.Release|Any CPU.Build.0 = Release|Any CPU
		{C9DF3555-B12F-47DB-A53E-89561FD73BFE}.Debug|Any CPU.ActiveCfg = Debug|Any CPU
		{C9DF3555-B12F-47DB-A53E-89561FD73BFE}.Debug|Any CPU.Build.0 = Debug|Any CPU
		{C9DF3555-B12F-47DB-A53E-89561FD73BFE}.Release|Any CPU.ActiveCfg = Release|Any CPU
		{C9DF3555-B12F-47DB-A53E-89561FD73BFE}.Release|Any CPU.Build.0 = Release|Any CPU
		{59C412CA-0364-4B52-A008-BEA17B2D844F}.Debug|Any CPU.ActiveCfg = Debug|Any CPU
		{59C412CA-0364-4B52-A008-BEA17B2D844F}.Debug|Any CPU.Build.0 = Debug|Any CPU
		{59C412CA-0364-4B52-A008-BEA17B2D844F}.Release|Any CPU.ActiveCfg = Release|Any CPU
		{59C412CA-0364-4B52-A008-BEA17B2D844F}.Release|Any CPU.Build.0 = Release|Any CPU
	EndGlobalSection
	GlobalSection(SolutionProperties) = preSolution
		HideSolutionNode = FALSE
	EndGlobalSection
	GlobalSection(NestedProjects) = preSolution
		{FEF8836A-FA91-4F93-AA09-5F9F50686AE2} = {8B88A450-D492-4839-A18D-C100AB63618D}
		{7A175D64-FD00-4EE0-9827-0D31D51FB50A} = {8B88A450-D492-4839-A18D-C100AB63618D}
		{ADBD6A5B-D7C2-4658-A2EF-46C03A04536E} = {8B88A450-D492-4839-A18D-C100AB63618D}
		{F92DA9CD-042B-45A8-9556-233D7044A642} = {8B88A450-D492-4839-A18D-C100AB63618D}
		{C9DF3555-B12F-47DB-A53E-89561FD73BFE} = {8B88A450-D492-4839-A18D-C100AB63618D}
	EndGlobalSection
EndGlobal
